// !$*UTF8*$!
{
	archiveVersion = 1;
	classes = {
	};
	objectVersion = 51;
	objects = {

/* Begin PBXBuildFile section */
		2F3A039F249A4C5100220CAE /* ZLHeaderViews.swift in Sources */ = {isa = PBXBuildFile; fileRef = 2F3A039E249A4C5100220CAE /* ZLHeaderViews.swift */; };
		2F3A03A2249A4D2C00220CAE /* UIColorExtension.swift in Sources */ = {isa = PBXBuildFile; fileRef = 2F3A03A1249A4D2C00220CAE /* UIColorExtension.swift */; };
		2F3A03A7249A56F500220CAE /* UIFontExtension.swift in Sources */ = {isa = PBXBuildFile; fileRef = 2F3A03A6249A56F500220CAE /* UIFontExtension.swift */; };
		2F3A03A9249A5F1200220CAE /* UIViewControllerExtension.swift in Sources */ = {isa = PBXBuildFile; fileRef = 2F3A03A8249A5F1200220CAE /* UIViewControllerExtension.swift */; };
		2F3A03AB249A612800220CAE /* ZLCollectionViewCell.swift in Sources */ = {isa = PBXBuildFile; fileRef = 2F3A03AA249A612800220CAE /* ZLCollectionViewCell.swift */; };
		2F400F9224B760BD00C1CEBF /* TableEditingActions.swift in Sources */ = {isa = PBXBuildFile; fileRef = 2F400F9124B760BD00C1CEBF /* TableEditingActions.swift */; };
		2F400F9624B7610900C1CEBF /* TableViewModel.swift in Sources */ = {isa = PBXBuildFile; fileRef = 2F400F9524B7610900C1CEBF /* TableViewModel.swift */; };
		2F5A602324ACB43300C9CEB2 /* MainScrollVIew.swift in Sources */ = {isa = PBXBuildFile; fileRef = 2F5A602224ACB43300C9CEB2 /* MainScrollVIew.swift */; };
		2F5A602524ACB46700C9CEB2 /* ContentScrollView.swift in Sources */ = {isa = PBXBuildFile; fileRef = 2F5A602424ACB46700C9CEB2 /* ContentScrollView.swift */; };
		2F5E933B24B1DD22000DD3D6 /* viewModel.swift in Sources */ = {isa = PBXBuildFile; fileRef = 2F5E933A24B1DD22000DD3D6 /* viewModel.swift */; };
		2F5E933D24B1DEB0000DD3D6 /* protocols.swift in Sources */ = {isa = PBXBuildFile; fileRef = 2F5E933C24B1DEB0000DD3D6 /* protocols.swift */; };
		2F5E933F24B20620000DD3D6 /* BindingExtensions.swift in Sources */ = {isa = PBXBuildFile; fileRef = 2F5E933E24B20620000DD3D6 /* BindingExtensions.swift */; };
		2F5E934124B2113F000DD3D6 /* DefaultImplement.swift in Sources */ = {isa = PBXBuildFile; fileRef = 2F5E934024B2113F000DD3D6 /* DefaultImplement.swift */; };
		2F66E95D24BCA7CC001A4AD9 /* ZLDiscoverViewController2.swift in Sources */ = {isa = PBXBuildFile; fileRef = 2F66E95C24BCA7CC001A4AD9 /* ZLDiscoverViewController2.swift */; };
		2FB2F23424CF2535005812E4 /* UserViewModel.swift in Sources */ = {isa = PBXBuildFile; fileRef = 2FB2F23324CF2535005812E4 /* UserViewModel.swift */; };
		2FB2F23624D04780005812E4 /* Operators.swift in Sources */ = {isa = PBXBuildFile; fileRef = 2FB2F23524D04780005812E4 /* Operators.swift */; };
		2FB5D5202494B81600BEC3F5 /* RoundUIButton.swift in Sources */ = {isa = PBXBuildFile; fileRef = 2FB5D51F2494B81600BEC3F5 /* RoundUIButton.swift */; };
		2FB5D5222494E7BF00BEC3F5 /* CacheViewController.swift in Sources */ = {isa = PBXBuildFile; fileRef = 2FB5D5212494E7BF00BEC3F5 /* CacheViewController.swift */; };
		2FB5D524249523B300BEC3F5 /* RootViewController.swift in Sources */ = {isa = PBXBuildFile; fileRef = 2FB5D523249523B300BEC3F5 /* RootViewController.swift */; };
		2FB5D5282495266600BEC3F5 /* WelcomViewController.swift in Sources */ = {isa = PBXBuildFile; fileRef = 2FB5D5272495266600BEC3F5 /* WelcomViewController.swift */; };
		2FB5D52A2495277600BEC3F5 /* LoginViewController.swift in Sources */ = {isa = PBXBuildFile; fileRef = 2FB5D5292495277600BEC3F5 /* LoginViewController.swift */; };
		2FB5D52C249527AC00BEC3F5 /* LoginUpViewController.swift in Sources */ = {isa = PBXBuildFile; fileRef = 2FB5D52B249527AC00BEC3F5 /* LoginUpViewController.swift */; };
		2FB5D52E249527E300BEC3F5 /* MainTabViewController.swift in Sources */ = {isa = PBXBuildFile; fileRef = 2FB5D52D249527E300BEC3F5 /* MainTabViewController.swift */; };
		2FB5D5312495DE7100BEC3F5 /* ZLWindow.swift in Sources */ = {isa = PBXBuildFile; fileRef = 2FB5D5302495DE7100BEC3F5 /* ZLWindow.swift */; };
		2FB5D5342495FAF300BEC3F5 /* HttpDatas.swift in Sources */ = {isa = PBXBuildFile; fileRef = 2FB5D5332495FAF300BEC3F5 /* HttpDatas.swift */; };
		2FB5D53B249617E200BEC3F5 /* ZLWXViewController.swift in Sources */ = {isa = PBXBuildFile; fileRef = 2FB5D53A249617E200BEC3F5 /* ZLWXViewController.swift */; };
		2FB5D5402496181A00BEC3F5 /* ZLMineViewController.swift in Sources */ = {isa = PBXBuildFile; fileRef = 2FB5D53F2496181A00BEC3F5 /* ZLMineViewController.swift */; };
		2FB5D5422496182D00BEC3F5 /* ZLDiscoverViewController.swift in Sources */ = {isa = PBXBuildFile; fileRef = 2FB5D5412496182D00BEC3F5 /* ZLDiscoverViewController.swift */; };
		2FB5D5442496183A00BEC3F5 /* ZLContactViewController.swift in Sources */ = {isa = PBXBuildFile; fileRef = 2FB5D5432496183A00BEC3F5 /* ZLContactViewController.swift */; };
		2FF36B0524A0FEAC009D9329 /* Montserrat-SemiBold.ttf in Resources */ = {isa = PBXBuildFile; fileRef = 2FF36B0024A0FEAC009D9329 /* Montserrat-SemiBold.ttf */; };
		2FF36B0624A0FEAC009D9329 /* demo_index.html in Resources */ = {isa = PBXBuildFile; fileRef = 2FF36B0124A0FEAC009D9329 /* demo_index.html */; };
		2FF36B0724A0FEAC009D9329 /* iconfont.ttf in Resources */ = {isa = PBXBuildFile; fileRef = 2FF36B0224A0FEAC009D9329 /* iconfont.ttf */; };
		2FF36B0824A0FEAC009D9329 /* Montserrat-Medium.ttf in Resources */ = {isa = PBXBuildFile; fileRef = 2FF36B0324A0FEAC009D9329 /* Montserrat-Medium.ttf */; };
		2FF36B0924A0FEAC009D9329 /* Avenir-Book.ttf in Resources */ = {isa = PBXBuildFile; fileRef = 2FF36B0424A0FEAC009D9329 /* Avenir-Book.ttf */; };
		2FF36B0B24A18490009D9329 /* ZLWXMainViewController.swift in Sources */ = {isa = PBXBuildFile; fileRef = 2FF36B0A24A18490009D9329 /* ZLWXMainViewController.swift */; };
		2FF36B3324A243C4009D9329 /* IndexCategory.swift in Sources */ = {isa = PBXBuildFile; fileRef = 2FF36B3224A243C4009D9329 /* IndexCategory.swift */; };
		2FF89273248FE61F00F9C9D0 /* AppDelegate.swift in Sources */ = {isa = PBXBuildFile; fileRef = 2FF89272248FE61F00F9C9D0 /* AppDelegate.swift */; };
		2FF89275248FE61F00F9C9D0 /* SceneDelegate.swift in Sources */ = {isa = PBXBuildFile; fileRef = 2FF89274248FE61F00F9C9D0 /* SceneDelegate.swift */; };
		2FF89277248FE61F00F9C9D0 /* ViewController.swift in Sources */ = {isa = PBXBuildFile; fileRef = 2FF89276248FE61F00F9C9D0 /* ViewController.swift */; };
		2FF8927A248FE61F00F9C9D0 /* Main.storyboard in Resources */ = {isa = PBXBuildFile; fileRef = 2FF89278248FE61F00F9C9D0 /* Main.storyboard */; };
		2FF8927C248FE62000F9C9D0 /* Assets.xcassets in Resources */ = {isa = PBXBuildFile; fileRef = 2FF8927B248FE62000F9C9D0 /* Assets.xcassets */; };
		2FF8927F248FE62000F9C9D0 /* LaunchScreen.storyboard in Resources */ = {isa = PBXBuildFile; fileRef = 2FF8927D248FE62000F9C9D0 /* LaunchScreen.storyboard */; };
		2FF8928824926C9E00F9C9D0 /* People.swift in Sources */ = {isa = PBXBuildFile; fileRef = 2FF8928724926C9E00F9C9D0 /* People.swift */; };
		2FF8928A24926CFD00F9C9D0 /* PeopleViewModel.swift in Sources */ = {isa = PBXBuildFile; fileRef = 2FF8928924926CFD00F9C9D0 /* PeopleViewModel.swift */; };
		2FF8928C24926DD500F9C9D0 /* PeopleViewController.swift in Sources */ = {isa = PBXBuildFile; fileRef = 2FF8928B24926DD500F9C9D0 /* PeopleViewController.swift */; };
		2FF8928F24928F8400F9C9D0 /* RoundTextFiled.swift in Sources */ = {isa = PBXBuildFile; fileRef = 2FF8928E24928F8400F9C9D0 /* RoundTextFiled.swift */; };
		2FF894B224A5BCE700F8AF17 /* 图片资源 in Resources */ = {isa = PBXBuildFile; fileRef = 2FF894B124A5BCE600F8AF17 /* 图片资源 */; };
		2FF894D324A5C15300F8AF17 /* UIImageExtension.swift in Sources */ = {isa = PBXBuildFile; fileRef = 2FF894D224A5C15300F8AF17 /* UIImageExtension.swift */; };
		A8F5D744806152A0CE748264 /* Pods_ZLTodoList.framework in Frameworks */ = {isa = PBXBuildFile; fileRef = 48F436046CECB19F53CD6A87 /* Pods_ZLTodoList.framework */; };
/* End PBXBuildFile section */

/* Begin PBXFileReference section */
		1A5A4B6D0660F498DD9E452C /* Pods-ZLTodoList.debug.xcconfig */ = {isa = PBXFileReference; includeInIndex = 1; lastKnownFileType = text.xcconfig; name = "Pods-ZLTodoList.debug.xcconfig"; path = "Target Support Files/Pods-ZLTodoList/Pods-ZLTodoList.debug.xcconfig"; sourceTree = "<group>"; };
		2F3A039E249A4C5100220CAE /* ZLHeaderViews.swift */ = {isa = PBXFileReference; lastKnownFileType = sourcecode.swift; path = ZLHeaderViews.swift; sourceTree = "<group>"; };
		2F3A03A1249A4D2C00220CAE /* UIColorExtension.swift */ = {isa = PBXFileReference; lastKnownFileType = sourcecode.swift; path = UIColorExtension.swift; sourceTree = "<group>"; };
		2F3A03A6249A56F500220CAE /* UIFontExtension.swift */ = {isa = PBXFileReference; lastKnownFileType = sourcecode.swift; path = UIFontExtension.swift; sourceTree = "<group>"; };
		2F3A03A8249A5F1200220CAE /* UIViewControllerExtension.swift */ = {isa = PBXFileReference; lastKnownFileType = sourcecode.swift; path = UIViewControllerExtension.swift; sourceTree = "<group>"; };
		2F3A03AA249A612800220CAE /* ZLCollectionViewCell.swift */ = {isa = PBXFileReference; lastKnownFileType = sourcecode.swift; path = ZLCollectionViewCell.swift; sourceTree = "<group>"; };
		2F400F9124B760BD00C1CEBF /* TableEditingActions.swift */ = {isa = PBXFileReference; lastKnownFileType = sourcecode.swift; path = TableEditingActions.swift; sourceTree = "<group>"; };
		2F400F9524B7610900C1CEBF /* TableViewModel.swift */ = {isa = PBXFileReference; lastKnownFileType = sourcecode.swift; path = TableViewModel.swift; sourceTree = "<group>"; };
		2F5A602224ACB43300C9CEB2 /* MainScrollVIew.swift */ = {isa = PBXFileReference; lastKnownFileType = sourcecode.swift; path = MainScrollVIew.swift; sourceTree = "<group>"; };
		2F5A602424ACB46700C9CEB2 /* ContentScrollView.swift */ = {isa = PBXFileReference; lastKnownFileType = sourcecode.swift; path = ContentScrollView.swift; sourceTree = "<group>"; };
		2F5E933A24B1DD22000DD3D6 /* viewModel.swift */ = {isa = PBXFileReference; lastKnownFileType = sourcecode.swift; path = viewModel.swift; sourceTree = "<group>"; };
		2F5E933C24B1DEB0000DD3D6 /* protocols.swift */ = {isa = PBXFileReference; lastKnownFileType = sourcecode.swift; path = protocols.swift; sourceTree = "<group>"; };
		2F5E933E24B20620000DD3D6 /* BindingExtensions.swift */ = {isa = PBXFileReference; lastKnownFileType = sourcecode.swift; path = BindingExtensions.swift; sourceTree = "<group>"; };
		2F5E934024B2113F000DD3D6 /* DefaultImplement.swift */ = {isa = PBXFileReference; lastKnownFileType = sourcecode.swift; path = DefaultImplement.swift; sourceTree = "<group>"; };
		2F66E95C24BCA7CC001A4AD9 /* ZLDiscoverViewController2.swift */ = {isa = PBXFileReference; lastKnownFileType = sourcecode.swift; path = ZLDiscoverViewController2.swift; sourceTree = "<group>"; };
		2FB2F23324CF2535005812E4 /* UserViewModel.swift */ = {isa = PBXFileReference; lastKnownFileType = sourcecode.swift; path = UserViewModel.swift; sourceTree = "<group>"; };
		2FB2F23524D04780005812E4 /* Operators.swift */ = {isa = PBXFileReference; lastKnownFileType = sourcecode.swift; path = Operators.swift; sourceTree = "<group>"; };
		2FB5D51F2494B81600BEC3F5 /* RoundUIButton.swift */ = {isa = PBXFileReference; lastKnownFileType = sourcecode.swift; path = RoundUIButton.swift; sourceTree = "<group>"; };
		2FB5D5212494E7BF00BEC3F5 /* CacheViewController.swift */ = {isa = PBXFileReference; lastKnownFileType = sourcecode.swift; path = CacheViewController.swift; sourceTree = "<group>"; };
		2FB5D523249523B300BEC3F5 /* RootViewController.swift */ = {isa = PBXFileReference; lastKnownFileType = sourcecode.swift; path = RootViewController.swift; sourceTree = "<group>"; };
		2FB5D5272495266600BEC3F5 /* WelcomViewController.swift */ = {isa = PBXFileReference; lastKnownFileType = sourcecode.swift; path = WelcomViewController.swift; sourceTree = "<group>"; };
		2FB5D5292495277600BEC3F5 /* LoginViewController.swift */ = {isa = PBXFileReference; lastKnownFileType = sourcecode.swift; path = LoginViewController.swift; sourceTree = "<group>"; };
		2FB5D52B249527AC00BEC3F5 /* LoginUpViewController.swift */ = {isa = PBXFileReference; lastKnownFileType = sourcecode.swift; path = LoginUpViewController.swift; sourceTree = "<group>"; };
		2FB5D52D249527E300BEC3F5 /* MainTabViewController.swift */ = {isa = PBXFileReference; lastKnownFileType = sourcecode.swift; path = MainTabViewController.swift; sourceTree = "<group>"; };
		2FB5D5302495DE7100BEC3F5 /* ZLWindow.swift */ = {isa = PBXFileReference; lastKnownFileType = sourcecode.swift; path = ZLWindow.swift; sourceTree = "<group>"; };
		2FB5D5332495FAF300BEC3F5 /* HttpDatas.swift */ = {isa = PBXFileReference; lastKnownFileType = sourcecode.swift; path = HttpDatas.swift; sourceTree = "<group>"; };
		2FB5D53A249617E200BEC3F5 /* ZLWXViewController.swift */ = {isa = PBXFileReference; lastKnownFileType = sourcecode.swift; path = ZLWXViewController.swift; sourceTree = "<group>"; };
		2FB5D53F2496181A00BEC3F5 /* ZLMineViewController.swift */ = {isa = PBXFileReference; lastKnownFileType = sourcecode.swift; path = ZLMineViewController.swift; sourceTree = "<group>"; };
		2FB5D5412496182D00BEC3F5 /* ZLDiscoverViewController.swift */ = {isa = PBXFileReference; lastKnownFileType = sourcecode.swift; path = ZLDiscoverViewController.swift; sourceTree = "<group>"; };
		2FB5D5432496183A00BEC3F5 /* ZLContactViewController.swift */ = {isa = PBXFileReference; lastKnownFileType = sourcecode.swift; path = ZLContactViewController.swift; sourceTree = "<group>"; };
		2FF36B0024A0FEAC009D9329 /* Montserrat-SemiBold.ttf */ = {isa = PBXFileReference; lastKnownFileType = file; name = "Montserrat-SemiBold.ttf"; path = "../../../shop/assets/fonts/Montserrat-SemiBold.ttf"; sourceTree = "<group>"; };
		2FF36B0124A0FEAC009D9329 /* demo_index.html */ = {isa = PBXFileReference; fileEncoding = 4; lastKnownFileType = text.html; name = demo_index.html; path = ../../../shop/assets/fonts/demo_index.html; sourceTree = "<group>"; };
		2FF36B0224A0FEAC009D9329 /* iconfont.ttf */ = {isa = PBXFileReference; lastKnownFileType = file; name = iconfont.ttf; path = ../../../shop/assets/fonts/iconfont.ttf; sourceTree = "<group>"; };
		2FF36B0324A0FEAC009D9329 /* Montserrat-Medium.ttf */ = {isa = PBXFileReference; lastKnownFileType = file; name = "Montserrat-Medium.ttf"; path = "../../../shop/assets/fonts/Montserrat-Medium.ttf"; sourceTree = "<group>"; };
		2FF36B0424A0FEAC009D9329 /* Avenir-Book.ttf */ = {isa = PBXFileReference; lastKnownFileType = file; name = "Avenir-Book.ttf"; path = "../../../shop/assets/fonts/Avenir-Book.ttf"; sourceTree = "<group>"; };
		2FF36B0A24A18490009D9329 /* ZLWXMainViewController.swift */ = {isa = PBXFileReference; lastKnownFileType = sourcecode.swift; path = ZLWXMainViewController.swift; sourceTree = "<group>"; };
		2FF36B3224A243C4009D9329 /* IndexCategory.swift */ = {isa = PBXFileReference; lastKnownFileType = sourcecode.swift; path = IndexCategory.swift; sourceTree = "<group>"; };
		2FF8926F248FE61F00F9C9D0 /* ZLTodoList.app */ = {isa = PBXFileReference; explicitFileType = wrapper.application; includeInIndex = 0; path = ZLTodoList.app; sourceTree = BUILT_PRODUCTS_DIR; };
		2FF89272248FE61F00F9C9D0 /* AppDelegate.swift */ = {isa = PBXFileReference; lastKnownFileType = sourcecode.swift; path = AppDelegate.swift; sourceTree = "<group>"; };
		2FF89274248FE61F00F9C9D0 /* SceneDelegate.swift */ = {isa = PBXFileReference; lastKnownFileType = sourcecode.swift; path = SceneDelegate.swift; sourceTree = "<group>"; };
		2FF89276248FE61F00F9C9D0 /* ViewController.swift */ = {isa = PBXFileReference; lastKnownFileType = sourcecode.swift; path = ViewController.swift; sourceTree = "<group>"; };
		2FF89279248FE61F00F9C9D0 /* Base */ = {isa = PBXFileReference; lastKnownFileType = file.storyboard; name = Base; path = Base.lproj/Main.storyboard; sourceTree = "<group>"; };
		2FF8927B248FE62000F9C9D0 /* Assets.xcassets */ = {isa = PBXFileReference; lastKnownFileType = folder.assetcatalog; path = Assets.xcassets; sourceTree = "<group>"; };
		2FF8927E248FE62000F9C9D0 /* Base */ = {isa = PBXFileReference; lastKnownFileType = file.storyboard; name = Base; path = Base.lproj/LaunchScreen.storyboard; sourceTree = "<group>"; };
		2FF89280248FE62000F9C9D0 /* Info.plist */ = {isa = PBXFileReference; lastKnownFileType = text.plist.xml; path = Info.plist; sourceTree = "<group>"; };
		2FF8928724926C9E00F9C9D0 /* People.swift */ = {isa = PBXFileReference; lastKnownFileType = sourcecode.swift; path = People.swift; sourceTree = "<group>"; };
		2FF8928924926CFD00F9C9D0 /* PeopleViewModel.swift */ = {isa = PBXFileReference; lastKnownFileType = sourcecode.swift; path = PeopleViewModel.swift; sourceTree = "<group>"; };
		2FF8928B24926DD500F9C9D0 /* PeopleViewController.swift */ = {isa = PBXFileReference; lastKnownFileType = sourcecode.swift; path = PeopleViewController.swift; sourceTree = "<group>"; };
		2FF8928E24928F8400F9C9D0 /* RoundTextFiled.swift */ = {isa = PBXFileReference; lastKnownFileType = sourcecode.swift; path = RoundTextFiled.swift; sourceTree = "<group>"; };
		2FF894B124A5BCE600F8AF17 /* 图片资源 */ = {isa = PBXFileReference; lastKnownFileType = folder; path = "图片资源"; sourceTree = "<group>"; };
		2FF894D224A5C15300F8AF17 /* UIImageExtension.swift */ = {isa = PBXFileReference; lastKnownFileType = sourcecode.swift; path = UIImageExtension.swift; sourceTree = "<group>"; };
		48F436046CECB19F53CD6A87 /* Pods_ZLTodoList.framework */ = {isa = PBXFileReference; explicitFileType = wrapper.framework; includeInIndex = 0; path = Pods_ZLTodoList.framework; sourceTree = BUILT_PRODUCTS_DIR; };
		E56C7ACF9F458CC411871831 /* Pods-ZLTodoList.release.xcconfig */ = {isa = PBXFileReference; includeInIndex = 1; lastKnownFileType = text.xcconfig; name = "Pods-ZLTodoList.release.xcconfig"; path = "Target Support Files/Pods-ZLTodoList/Pods-ZLTodoList.release.xcconfig"; sourceTree = "<group>"; };
/* End PBXFileReference section */

/* Begin PBXFrameworksBuildPhase section */
		2FF8926C248FE61F00F9C9D0 /* Frameworks */ = {
			isa = PBXFrameworksBuildPhase;
			buildActionMask = 2147483647;
			files = (
				A8F5D744806152A0CE748264 /* Pods_ZLTodoList.framework in Frameworks */,
			);
			runOnlyForDeploymentPostprocessing = 0;
		};
/* End PBXFrameworksBuildPhase section */

/* Begin PBXGroup section */
		1D90E626CC6E932E21C50393 /* Pods */ = {
			isa = PBXGroup;
			children = (
				1A5A4B6D0660F498DD9E452C /* Pods-ZLTodoList.debug.xcconfig */,
				E56C7ACF9F458CC411871831 /* Pods-ZLTodoList.release.xcconfig */,
			);
			path = Pods;
			sourceTree = "<group>";
		};
		2F3A039D249A4C0100220CAE /* Views */ = {
			isa = PBXGroup;
			children = (
				2F3A039E249A4C5100220CAE /* ZLHeaderViews.swift */,
				2F3A03AA249A612800220CAE /* ZLCollectionViewCell.swift */,
				2F5A602224ACB43300C9CEB2 /* MainScrollVIew.swift */,
				2F5A602424ACB46700C9CEB2 /* ContentScrollView.swift */,
			);
			path = Views;
			sourceTree = "<group>";
		};
		2F3A03A0249A4D0900220CAE /* 扩展 */ = {
			isa = PBXGroup;
			children = (
				2F3A03A1249A4D2C00220CAE /* UIColorExtension.swift */,
				2F3A03A6249A56F500220CAE /* UIFontExtension.swift */,
				2F3A03A8249A5F1200220CAE /* UIViewControllerExtension.swift */,
				2FF894D224A5C15300F8AF17 /* UIImageExtension.swift */,
				2FB2F23524D04780005812E4 /* Operators.swift */,
			);
			path = "扩展";
			sourceTree = "<group>";
		};
		2F3A03A3249A512A00220CAE /* 字体库 */ = {
			isa = PBXGroup;
			children = (
				2FF36B0424A0FEAC009D9329 /* Avenir-Book.ttf */,
				2FF36B0124A0FEAC009D9329 /* demo_index.html */,
				2FF36B0224A0FEAC009D9329 /* iconfont.ttf */,
				2FF36B0324A0FEAC009D9329 /* Montserrat-Medium.ttf */,
				2FF36B0024A0FEAC009D9329 /* Montserrat-SemiBold.ttf */,
			);
			path = "字体库";
			sourceTree = "<group>";
		};
		2F400F9024B7608F00C1CEBF /* 表格操作枚举 */ = {
			isa = PBXGroup;
			children = (
				2F400F9124B760BD00C1CEBF /* TableEditingActions.swift */,
			);
			path = "表格操作枚举";
			sourceTree = "<group>";
		};
		2F400F9324B760E900C1CEBF /* 模型 */ = {
			isa = PBXGroup;
			children = (
				2F400F9524B7610900C1CEBF /* TableViewModel.swift */,
			);
			path = "模型";
			sourceTree = "<group>";
		};
		2F400F9424B760EF00C1CEBF /* viewModel */ = {
			isa = PBXGroup;
			children = (
				2FB2F23324CF2535005812E4 /* UserViewModel.swift */,
			);
			path = viewModel;
			sourceTree = "<group>";
		};
		2F5E933924B1DC81000DD3D6 /* viewModel */ = {
			isa = PBXGroup;
			children = (
				2F5E933A24B1DD22000DD3D6 /* viewModel.swift */,
			);
			path = viewModel;
			sourceTree = "<group>";
		};
		2FB5D525249525EC00BEC3F5 /* IndexPage */ = {
			isa = PBXGroup;
			children = (
				2FF36B3124A243A5009D9329 /* views */,
				2FB5D5272495266600BEC3F5 /* WelcomViewController.swift */,
			);
			path = IndexPage;
			sourceTree = "<group>";
		};
		2FB5D526249525F600BEC3F5 /* Main */ = {
			isa = PBXGroup;
			children = (
				2FB5D538249617A900BEC3F5 /* 我 */,
				2FB5D537249617A200BEC3F5 /* 发现 */,
				2FB5D5362496179800BEC3F5 /* 通讯录 */,
				2FB5D5352496178B00BEC3F5 /* 微信 */,
				2FB5D5292495277600BEC3F5 /* LoginViewController.swift */,
				2FB5D52B249527AC00BEC3F5 /* LoginUpViewController.swift */,
				2FB5D52D249527E300BEC3F5 /* MainTabViewController.swift */,
			);
			path = Main;
			sourceTree = "<group>";
		};
		2FB5D52F2495DE5500BEC3F5 /* Utils */ = {
			isa = PBXGroup;
			children = (
				2FB5D5302495DE7100BEC3F5 /* ZLWindow.swift */,
			);
			path = Utils;
			sourceTree = "<group>";
		};
		2FB5D5322495FACD00BEC3F5 /* 网络请求 */ = {
			isa = PBXGroup;
			children = (
				2FB5D5332495FAF300BEC3F5 /* HttpDatas.swift */,
			);
			path = "网络请求";
			sourceTree = "<group>";
		};
		2FB5D5352496178B00BEC3F5 /* 微信 */ = {
			isa = PBXGroup;
			children = (
				2F3A039D249A4C0100220CAE /* Views */,
				2FB5D539249617B000BEC3F5 /* Controllers */,
			);
			path = "微信";
			sourceTree = "<group>";
		};
		2FB5D5362496179800BEC3F5 /* 通讯录 */ = {
			isa = PBXGroup;
			children = (
				2F5E933924B1DC81000DD3D6 /* viewModel */,
				2FB5D53C249617FA00BEC3F5 /* Contaoller */,
				2F5E933C24B1DEB0000DD3D6 /* protocols.swift */,
				2F5E933E24B20620000DD3D6 /* BindingExtensions.swift */,
				2F5E934024B2113F000DD3D6 /* DefaultImplement.swift */,
			);
			path = "通讯录";
			sourceTree = "<group>";
		};
		2FB5D537249617A200BEC3F5 /* 发现 */ = {
			isa = PBXGroup;
			children = (
				2F400F9424B760EF00C1CEBF /* viewModel */,
				2F400F9324B760E900C1CEBF /* 模型 */,
				2F400F9024B7608F00C1CEBF /* 表格操作枚举 */,
				2FB5D53D2496180500BEC3F5 /* Contaoller */,
			);
			path = "发现";
			sourceTree = "<group>";
		};
		2FB5D538249617A900BEC3F5 /* 我 */ = {
			isa = PBXGroup;
			children = (
				2FB5D5452496549F00BEC3F5 /* Views */,
				2FB5D53E2496180A00BEC3F5 /* Controller */,
			);
			path = "我";
			sourceTree = "<group>";
		};
		2FB5D539249617B000BEC3F5 /* Controllers */ = {
			isa = PBXGroup;
			children = (
				2FB5D53A249617E200BEC3F5 /* ZLWXViewController.swift */,
				2FF36B0A24A18490009D9329 /* ZLWXMainViewController.swift */,
			);
			path = Controllers;
			sourceTree = "<group>";
		};
		2FB5D53C249617FA00BEC3F5 /* Contaoller */ = {
			isa = PBXGroup;
			children = (
				2FB5D5432496183A00BEC3F5 /* ZLContactViewController.swift */,
			);
			path = Contaoller;
			sourceTree = "<group>";
		};
		2FB5D53D2496180500BEC3F5 /* Contaoller */ = {
			isa = PBXGroup;
			children = (
				2FB5D5412496182D00BEC3F5 /* ZLDiscoverViewController.swift */,
				2F66E95C24BCA7CC001A4AD9 /* ZLDiscoverViewController2.swift */,
			);
			path = Contaoller;
			sourceTree = "<group>";
		};
		2FB5D53E2496180A00BEC3F5 /* Controller */ = {
			isa = PBXGroup;
			children = (
				2FB5D53F2496181A00BEC3F5 /* ZLMineViewController.swift */,
			);
			path = Controller;
			sourceTree = "<group>";
		};
		2FB5D5452496549F00BEC3F5 /* Views */ = {
			isa = PBXGroup;
			children = (
			);
			path = Views;
			sourceTree = "<group>";
		};
		2FF36B3124A243A5009D9329 /* views */ = {
			isa = PBXGroup;
			children = (
				2FF36B3224A243C4009D9329 /* IndexCategory.swift */,
			);
			path = views;
			sourceTree = "<group>";
		};
		2FF89266248FE61F00F9C9D0 = {
			isa = PBXGroup;
			children = (
				2FF89271248FE61F00F9C9D0 /* ZLTodoList */,
				2FF89270248FE61F00F9C9D0 /* Products */,
				1D90E626CC6E932E21C50393 /* Pods */,
				D98F10D303B376CE99CBC8CF /* Frameworks */,
			);
			sourceTree = "<group>";
		};
		2FF89270248FE61F00F9C9D0 /* Products */ = {
			isa = PBXGroup;
			children = (
				2FF8926F248FE61F00F9C9D0 /* ZLTodoList.app */,
			);
			name = Products;
			sourceTree = "<group>";
		};
		2FF89271248FE61F00F9C9D0 /* ZLTodoList */ = {
			isa = PBXGroup;
			children = (
				2FF894B124A5BCE600F8AF17 /* 图片资源 */,
				2F3A03A3249A512A00220CAE /* 字体库 */,
				2F3A03A0249A4D0900220CAE /* 扩展 */,
				2FB5D5322495FACD00BEC3F5 /* 网络请求 */,
				2FB5D52F2495DE5500BEC3F5 /* Utils */,
				2FB5D526249525F600BEC3F5 /* Main */,
				2FB5D525249525EC00BEC3F5 /* IndexPage */,
				2FF8928D24928F6600F9C9D0 /* Views */,
				2FF8928624926C7E00F9C9D0 /* table */,
				2FF89272248FE61F00F9C9D0 /* AppDelegate.swift */,
				2FF89274248FE61F00F9C9D0 /* SceneDelegate.swift */,
				2FF89276248FE61F00F9C9D0 /* ViewController.swift */,
				2FF89278248FE61F00F9C9D0 /* Main.storyboard */,
				2FF8927B248FE62000F9C9D0 /* Assets.xcassets */,
				2FF8927D248FE62000F9C9D0 /* LaunchScreen.storyboard */,
				2FF89280248FE62000F9C9D0 /* Info.plist */,
				2FB5D5212494E7BF00BEC3F5 /* CacheViewController.swift */,
				2FB5D523249523B300BEC3F5 /* RootViewController.swift */,
			);
			path = ZLTodoList;
			sourceTree = "<group>";
		};
		2FF8928624926C7E00F9C9D0 /* table */ = {
			isa = PBXGroup;
			children = (
				2FF8928724926C9E00F9C9D0 /* People.swift */,
				2FF8928924926CFD00F9C9D0 /* PeopleViewModel.swift */,
				2FF8928B24926DD500F9C9D0 /* PeopleViewController.swift */,
			);
			path = table;
			sourceTree = "<group>";
		};
		2FF8928D24928F6600F9C9D0 /* Views */ = {
			isa = PBXGroup;
			children = (
				2FF8928E24928F8400F9C9D0 /* RoundTextFiled.swift */,
				2FB5D51F2494B81600BEC3F5 /* RoundUIButton.swift */,
			);
			path = Views;
			sourceTree = "<group>";
		};
		D98F10D303B376CE99CBC8CF /* Frameworks */ = {
			isa = PBXGroup;
			children = (
				48F436046CECB19F53CD6A87 /* Pods_ZLTodoList.framework */,
			);
			name = Frameworks;
			sourceTree = "<group>";
		};
/* End PBXGroup section */

/* Begin PBXNativeTarget section */
		2FF8926E248FE61F00F9C9D0 /* ZLTodoList */ = {
			isa = PBXNativeTarget;
			buildConfigurationList = 2FF89283248FE62000F9C9D0 /* Build configuration list for PBXNativeTarget "ZLTodoList" */;
			buildPhases = (
				FF52FA5FA09D8E1122088A22 /* [CP] Check Pods Manifest.lock */,
				2FF8926B248FE61F00F9C9D0 /* Sources */,
				2FF8926C248FE61F00F9C9D0 /* Frameworks */,
				2FF8926D248FE61F00F9C9D0 /* Resources */,
				C796AC644BAAAA78E771A55E /* [CP] Embed Pods Frameworks */,
			);
			buildRules = (
			);
			dependencies = (
			);
			name = ZLTodoList;
			productName = ZLTodoList;
			productReference = 2FF8926F248FE61F00F9C9D0 /* ZLTodoList.app */;
			productType = "com.apple.product-type.application";
		};
/* End PBXNativeTarget section */

/* Begin PBXProject section */
		2FF89267248FE61F00F9C9D0 /* Project object */ = {
			isa = PBXProject;
			attributes = {
				LastSwiftUpdateCheck = 1140;
				LastUpgradeCheck = 1140;
				ORGANIZATIONNAME = "张杰";
				TargetAttributes = {
					2FF8926E248FE61F00F9C9D0 = {
						CreatedOnToolsVersion = 11.4;
					};
				};
			};
			buildConfigurationList = 2FF8926A248FE61F00F9C9D0 /* Build configuration list for PBXProject "ZLTodoList" */;
			compatibilityVersion = "Xcode 9.3";
			developmentRegion = en;
			hasScannedForEncodings = 0;
			knownRegions = (
				en,
				Base,
			);
			mainGroup = 2FF89266248FE61F00F9C9D0;
			productRefGroup = 2FF89270248FE61F00F9C9D0 /* Products */;
			projectDirPath = "";
			projectRoot = "";
			targets = (
				2FF8926E248FE61F00F9C9D0 /* ZLTodoList */,
			);
		};
/* End PBXProject section */

/* Begin PBXResourcesBuildPhase section */
		2FF8926D248FE61F00F9C9D0 /* Resources */ = {
			isa = PBXResourcesBuildPhase;
			buildActionMask = 2147483647;
			files = (
				2FF36B0724A0FEAC009D9329 /* iconfont.ttf in Resources */,
				2FF36B0524A0FEAC009D9329 /* Montserrat-SemiBold.ttf in Resources */,
				2FF36B0624A0FEAC009D9329 /* demo_index.html in Resources */,
				2FF8927F248FE62000F9C9D0 /* LaunchScreen.storyboard in Resources */,
				2FF8927C248FE62000F9C9D0 /* Assets.xcassets in Resources */,
				2FF36B0824A0FEAC009D9329 /* Montserrat-Medium.ttf in Resources */,
				2FF894B224A5BCE700F8AF17 /* 图片资源 in Resources */,
				2FF36B0924A0FEAC009D9329 /* Avenir-Book.ttf in Resources */,
				2FF8927A248FE61F00F9C9D0 /* Main.storyboard in Resources */,
			);
			runOnlyForDeploymentPostprocessing = 0;
		};
/* End PBXResourcesBuildPhase section */

/* Begin PBXShellScriptBuildPhase section */
		C796AC644BAAAA78E771A55E /* [CP] Embed Pods Frameworks */ = {
			isa = PBXShellScriptBuildPhase;
			buildActionMask = 2147483647;
			files = (
			);
			inputFileListPaths = (
				"${PODS_ROOT}/Target Support Files/Pods-ZLTodoList/Pods-ZLTodoList-frameworks-${CONFIGURATION}-input-files.xcfilelist",
			);
			name = "[CP] Embed Pods Frameworks";
			outputFileListPaths = (
				"${PODS_ROOT}/Target Support Files/Pods-ZLTodoList/Pods-ZLTodoList-frameworks-${CONFIGURATION}-output-files.xcfilelist",
			);
			runOnlyForDeploymentPostprocessing = 0;
			shellPath = /bin/sh;
			shellScript = "\"${PODS_ROOT}/Target Support Files/Pods-ZLTodoList/Pods-ZLTodoList-frameworks.sh\"\n";
			showEnvVarsInLog = 0;
		};
		FF52FA5FA09D8E1122088A22 /* [CP] Check Pods Manifest.lock */ = {
			isa = PBXShellScriptBuildPhase;
			buildActionMask = 2147483647;
			files = (
			);
			inputFileListPaths = (
			);
			inputPaths = (
				"${PODS_PODFILE_DIR_PATH}/Podfile.lock",
				"${PODS_ROOT}/Manifest.lock",
			);
			name = "[CP] Check Pods Manifest.lock";
			outputFileListPaths = (
			);
			outputPaths = (
				"$(DERIVED_FILE_DIR)/Pods-ZLTodoList-checkManifestLockResult.txt",
			);
			runOnlyForDeploymentPostprocessing = 0;
			shellPath = /bin/sh;
			shellScript = "diff \"${PODS_PODFILE_DIR_PATH}/Podfile.lock\" \"${PODS_ROOT}/Manifest.lock\" > /dev/null\nif [ $? != 0 ] ; then\n    # print error to STDERR\n    echo \"error: The sandbox is not in sync with the Podfile.lock. Run 'pod install' or update your CocoaPods installation.\" >&2\n    exit 1\nfi\n# This output is used by Xcode 'outputs' to avoid re-running this script phase.\necho \"SUCCESS\" > \"${SCRIPT_OUTPUT_FILE_0}\"\n";
			showEnvVarsInLog = 0;
		};
/* End PBXShellScriptBuildPhase section */

/* Begin PBXSourcesBuildPhase section */
		2FF8926B248FE61F00F9C9D0 /* Sources */ = {
			isa = PBXSourcesBuildPhase;
			buildActionMask = 2147483647;
			files = (
				2FB5D52A2495277600BEC3F5 /* LoginViewController.swift in Sources */,
				2FB5D5202494B81600BEC3F5 /* RoundUIButton.swift in Sources */,
				2F3A03A9249A5F1200220CAE /* UIViewControllerExtension.swift in Sources */,
				2FF8928824926C9E00F9C9D0 /* People.swift in Sources */,
				2FF89277248FE61F00F9C9D0 /* ViewController.swift in Sources */,
				2F5A602524ACB46700C9CEB2 /* ContentScrollView.swift in Sources */,
				2F3A03A2249A4D2C00220CAE /* UIColorExtension.swift in Sources */,
				2FB5D5282495266600BEC3F5 /* WelcomViewController.swift in Sources */,
				2FB5D52E249527E300BEC3F5 /* MainTabViewController.swift in Sources */,
				2FF89273248FE61F00F9C9D0 /* AppDelegate.swift in Sources */,
				2FB5D5342495FAF300BEC3F5 /* HttpDatas.swift in Sources */,
				2FB5D5422496182D00BEC3F5 /* ZLDiscoverViewController.swift in Sources */,
				2F3A03A7249A56F500220CAE /* UIFontExtension.swift in Sources */,
				2FB2F23424CF2535005812E4 /* UserViewModel.swift in Sources */,
				2FF36B3324A243C4009D9329 /* IndexCategory.swift in Sources */,
				2F3A039F249A4C5100220CAE /* ZLHeaderViews.swift in Sources */,
				2F400F9624B7610900C1CEBF /* TableViewModel.swift in Sources */,
				2F400F9224B760BD00C1CEBF /* TableEditingActions.swift in Sources */,
				2F66E95D24BCA7CC001A4AD9 /* ZLDiscoverViewController2.swift in Sources */,
				2F5E933D24B1DEB0000DD3D6 /* protocols.swift in Sources */,
				2FB5D524249523B300BEC3F5 /* RootViewController.swift in Sources */,
				2FB5D52C249527AC00BEC3F5 /* LoginUpViewController.swift in Sources */,
				2FF36B0B24A18490009D9329 /* ZLWXMainViewController.swift in Sources */,
				2FB5D5222494E7BF00BEC3F5 /* CacheViewController.swift in Sources */,
				2FB5D5312495DE7100BEC3F5 /* ZLWindow.swift in Sources */,
				2FF8928A24926CFD00F9C9D0 /* PeopleViewModel.swift in Sources */,
				2FF89275248FE61F00F9C9D0 /* SceneDelegate.swift in Sources */,
				2F5A602324ACB43300C9CEB2 /* MainScrollVIew.swift in Sources */,
				2F3A03AB249A612800220CAE /* ZLCollectionViewCell.swift in Sources */,
				2F5E934124B2113F000DD3D6 /* DefaultImplement.swift in Sources */,
				2FF8928F24928F8400F9C9D0 /* RoundTextFiled.swift in Sources */,
				2FF894D324A5C15300F8AF17 /* UIImageExtension.swift in Sources */,
				2FF8928C24926DD500F9C9D0 /* PeopleViewController.swift in Sources */,
				2F5E933B24B1DD22000DD3D6 /* viewModel.swift in Sources */,
				2FB5D5442496183A00BEC3F5 /* ZLContactViewController.swift in Sources */,
				2FB2F23624D04780005812E4 /* Operators.swift in Sources */,
				2FB5D53B249617E200BEC3F5 /* ZLWXViewController.swift in Sources */,
				2F5E933F24B20620000DD3D6 /* BindingExtensions.swift in Sources */,
				2FB5D5402496181A00BEC3F5 /* ZLMineViewController.swift in Sources */,
			);
			runOnlyForDeploymentPostprocessing = 0;
		};
/* End PBXSourcesBuildPhase section */

/* Begin PBXVariantGroup section */
		2FF89278248FE61F00F9C9D0 /* Main.storyboard */ = {
			isa = PBXVariantGroup;
			children = (
				2FF89279248FE61F00F9C9D0 /* Base */,
			);
			name = Main.storyboard;
			sourceTree = "<group>";
		};
		2FF8927D248FE62000F9C9D0 /* LaunchScreen.storyboard */ = {
			isa = PBXVariantGroup;
			children = (
				2FF8927E248FE62000F9C9D0 /* Base */,
			);
			name = LaunchScreen.storyboard;
			sourceTree = "<group>";
		};
/* End PBXVariantGroup section */

/* Begin XCBuildConfiguration section */
		2FF89281248FE62000F9C9D0 /* Debug */ = {
			isa = XCBuildConfiguration;
			buildSettings = {
				ALWAYS_SEARCH_USER_PATHS = NO;
				CLANG_ANALYZER_NONNULL = YES;
				CLANG_ANALYZER_NUMBER_OBJECT_CONVERSION = YES_AGGRESSIVE;
				CLANG_CXX_LANGUAGE_STANDARD = "gnu++14";
				CLANG_CXX_LIBRARY = "libc++";
				CLANG_ENABLE_MODULES = YES;
				CLANG_ENABLE_OBJC_ARC = YES;
				CLANG_ENABLE_OBJC_WEAK = YES;
				CLANG_WARN_BLOCK_CAPTURE_AUTORELEASING = YES;
				CLANG_WARN_BOOL_CONVERSION = YES;
				CLANG_WARN_COMMA = YES;
				CLANG_WARN_CONSTANT_CONVERSION = YES;
				CLANG_WARN_DEPRECATED_OBJC_IMPLEMENTATIONS = YES;
				CLANG_WARN_DIRECT_OBJC_ISA_USAGE = YES_ERROR;
				CLANG_WARN_DOCUMENTATION_COMMENTS = YES;
				CLANG_WARN_EMPTY_BODY = YES;
				CLANG_WARN_ENUM_CONVERSION = YES;
				CLANG_WARN_INFINITE_RECURSION = YES;
				CLANG_WARN_INT_CONVERSION = YES;
				CLANG_WARN_NON_LITERAL_NULL_CONVERSION = YES;
				CLANG_WARN_OBJC_IMPLICIT_RETAIN_SELF = YES;
				CLANG_WARN_OBJC_LITERAL_CONVERSION = YES;
				CLANG_WARN_OBJC_ROOT_CLASS = YES_ERROR;
				CLANG_WARN_RANGE_LOOP_ANALYSIS = YES;
				CLANG_WARN_STRICT_PROTOTYPES = YES;
				CLANG_WARN_SUSPICIOUS_MOVE = YES;
				CLANG_WARN_UNGUARDED_AVAILABILITY = YES_AGGRESSIVE;
				CLANG_WARN_UNREACHABLE_CODE = YES;
				CLANG_WARN__DUPLICATE_METHOD_MATCH = YES;
				COPY_PHASE_STRIP = NO;
				DEBUG_INFORMATION_FORMAT = dwarf;
				ENABLE_STRICT_OBJC_MSGSEND = YES;
				ENABLE_TESTABILITY = YES;
				GCC_C_LANGUAGE_STANDARD = gnu11;
				GCC_DYNAMIC_NO_PIC = NO;
				GCC_NO_COMMON_BLOCKS = YES;
				GCC_OPTIMIZATION_LEVEL = 0;
				GCC_PREPROCESSOR_DEFINITIONS = (
					"DEBUG=1",
					"$(inherited)",
				);
				GCC_WARN_64_TO_32_BIT_CONVERSION = YES;
				GCC_WARN_ABOUT_RETURN_TYPE = YES_ERROR;
				GCC_WARN_UNDECLARED_SELECTOR = YES;
				GCC_WARN_UNINITIALIZED_AUTOS = YES_AGGRESSIVE;
				GCC_WARN_UNUSED_FUNCTION = YES;
				GCC_WARN_UNUSED_VARIABLE = YES;
				IPHONEOS_DEPLOYMENT_TARGET = 13.4;
				MTL_ENABLE_DEBUG_INFO = INCLUDE_SOURCE;
				MTL_FAST_MATH = YES;
				ONLY_ACTIVE_ARCH = YES;
				SDKROOT = iphoneos;
				SWIFT_ACTIVE_COMPILATION_CONDITIONS = DEBUG;
				SWIFT_OPTIMIZATION_LEVEL = "-Onone";
			};
			name = Debug;
		};
		2FF89282248FE62000F9C9D0 /* Release */ = {
			isa = XCBuildConfiguration;
			buildSettings = {
				ALWAYS_SEARCH_USER_PATHS = NO;
				CLANG_ANALYZER_NONNULL = YES;
				CLANG_ANALYZER_NUMBER_OBJECT_CONVERSION = YES_AGGRESSIVE;
				CLANG_CXX_LANGUAGE_STANDARD = "gnu++14";
				CLANG_CXX_LIBRARY = "libc++";
				CLANG_ENABLE_MODULES = YES;
				CLANG_ENABLE_OBJC_ARC = YES;
				CLANG_ENABLE_OBJC_WEAK = YES;
				CLANG_WARN_BLOCK_CAPTURE_AUTORELEASING = YES;
				CLANG_WARN_BOOL_CONVERSION = YES;
				CLANG_WARN_COMMA = YES;
				CLANG_WARN_CONSTANT_CONVERSION = YES;
				CLANG_WARN_DEPRECATED_OBJC_IMPLEMENTATIONS = YES;
				CLANG_WARN_DIRECT_OBJC_ISA_USAGE = YES_ERROR;
				CLANG_WARN_DOCUMENTATION_COMMENTS = YES;
				CLANG_WARN_EMPTY_BODY = YES;
				CLANG_WARN_ENUM_CONVERSION = YES;
				CLANG_WARN_INFINITE_RECURSION = YES;
				CLANG_WARN_INT_CONVERSION = YES;
				CLANG_WARN_NON_LITERAL_NULL_CONVERSION = YES;
				CLANG_WARN_OBJC_IMPLICIT_RETAIN_SELF = YES;
				CLANG_WARN_OBJC_LITERAL_CONVERSION = YES;
				CLANG_WARN_OBJC_ROOT_CLASS = YES_ERROR;
				CLANG_WARN_RANGE_LOOP_ANALYSIS = YES;
				CLANG_WARN_STRICT_PROTOTYPES = YES;
				CLANG_WARN_SUSPICIOUS_MOVE = YES;
				CLANG_WARN_UNGUARDED_AVAILABILITY = YES_AGGRESSIVE;
				CLANG_WARN_UNREACHABLE_CODE = YES;
				CLANG_WARN__DUPLICATE_METHOD_MATCH = YES;
				COPY_PHASE_STRIP = NO;
				DEBUG_INFORMATION_FORMAT = "dwarf-with-dsym";
				ENABLE_NS_ASSERTIONS = NO;
				ENABLE_STRICT_OBJC_MSGSEND = YES;
				GCC_C_LANGUAGE_STANDARD = gnu11;
				GCC_NO_COMMON_BLOCKS = YES;
				GCC_WARN_64_TO_32_BIT_CONVERSION = YES;
				GCC_WARN_ABOUT_RETURN_TYPE = YES_ERROR;
				GCC_WARN_UNDECLARED_SELECTOR = YES;
				GCC_WARN_UNINITIALIZED_AUTOS = YES_AGGRESSIVE;
				GCC_WARN_UNUSED_FUNCTION = YES;
				GCC_WARN_UNUSED_VARIABLE = YES;
				IPHONEOS_DEPLOYMENT_TARGET = 13.4;
				MTL_ENABLE_DEBUG_INFO = NO;
				MTL_FAST_MATH = YES;
				SDKROOT = iphoneos;
				SWIFT_COMPILATION_MODE = wholemodule;
				SWIFT_OPTIMIZATION_LEVEL = "-O";
				VALIDATE_PRODUCT = YES;
			};
			name = Release;
		};
		2FF89284248FE62000F9C9D0 /* Debug */ = {
			isa = XCBuildConfiguration;
			baseConfigurationReference = 1A5A4B6D0660F498DD9E452C /* Pods-ZLTodoList.debug.xcconfig */;
			buildSettings = {
				ASSETCATALOG_COMPILER_APPICON_NAME = AppIcon;
				CODE_SIGN_STYLE = Automatic;
				DEVELOPMENT_TEAM = YP4NL2MAYR;
				INFOPLIST_FILE = ZLTodoList/Info.plist;
				LD_RUNPATH_SEARCH_PATHS = (
					"$(inherited)",
					"@executable_path/Frameworks",
				);
				PRODUCT_BUNDLE_IDENTIFIER = beyourself1994.ZLTodoList;
				PRODUCT_NAME = "$(TARGET_NAME)";
				SWIFT_VERSION = 5.0;
				TARGETED_DEVICE_FAMILY = "1,2";
			};
			name = Debug;
		};
		2FF89285248FE62000F9C9D0 /* Release */ = {
			isa = XCBuildConfiguration;
			baseConfigurationReference = E56C7ACF9F458CC411871831 /* Pods-ZLTodoList.release.xcconfig */;
			buildSettings = {
				ASSETCATALOG_COMPILER_APPICON_NAME = AppIcon;
				CODE_SIGN_STYLE = Automatic;
				DEVELOPMENT_TEAM = YP4NL2MAYR;
				INFOPLIST_FILE = ZLTodoList/Info.plist;
				LD_RUNPATH_SEARCH_PATHS = (
					"$(inherited)",
					"@executable_path/Frameworks",
				);
				PRODUCT_BUNDLE_IDENTIFIER = beyourself1994.ZLTodoList;
				PRODUCT_NAME = "$(TARGET_NAME)";
				SWIFT_VERSION = 5.0;
				TARGETED_DEVICE_FAMILY = "1,2";
			};
			name = Release;
		};
/* End XCBuildConfiguration section */

/* Begin XCConfigurationList section */
		2FF8926A248FE61F00F9C9D0 /* Build configuration list for PBXProject "ZLTodoList" */ = {
			isa = XCConfigurationList;
			buildConfigurations = (
				2FF89281248FE62000F9C9D0 /* Debug */,
				2FF89282248FE62000F9C9D0 /* Release */,
			);
			defaultConfigurationIsVisible = 0;
			defaultConfigurationName = Release;
		};
		2FF89283248FE62000F9C9D0 /* Build configuration list for PBXNativeTarget "ZLTodoList" */ = {
			isa = XCConfigurationList;
			buildConfigurations = (
				2FF89284248FE62000F9C9D0 /* Debug */,
				2FF89285248FE62000F9C9D0 /* Release */,
			);
			defaultConfigurationIsVisible = 0;
			defaultConfigurationName = Release;
		};
/* End XCConfigurationList section */
	};
	rootObject = 2FF89267248FE61F00F9C9D0 /* Project object */;
}
